
Microsoft Visual Studio Solution File, Format Version 12.00
# Visual Studio Version 17
VisualStudioVersion = 17.5.33530.505
MinimumVisualStudioVersion = 10.0.40219.1
Project("{FAE04EC0-301F-11D3-BF4B-00C04F79EFBC}") = "shablon", "shablon\shablon.csproj", "{FBC6DF47-96EF-4FDD-9656-6C2BA0AAAE30}"
EndProject
Global
	GlobalSection(SolutionConfigurationPlatforms) = preSolution
		Debug|Any CPU = Debug|Any CPU
		Release|Any CPU = Release|Any CPU
	EndGlobalSection
	GlobalSection(ProjectConfigurationPlatforms) = postSolution
		{FBC6DF47-96EF-4FDD-9656-6C2BA0AAAE30}.Debug|Any CPU.ActiveCfg = Debug|Any CPU
		{FBC6DF47-96EF-4FDD-9656-6C2BA0AAAE30}.Debug|Any CPU.Build.0 = Debug|Any CPU
		{FBC6DF47-96EF-4FDD-9656-6C2BA0AAAE30}.Release|Any CPU.ActiveCfg = Release|Any CPU
		{FBC6DF47-96EF-4FDD-9656-6C2BA0AAAE30}.Release|Any CPU.Build.0 = Release|Any CPU
	EndGlobalSection
	GlobalSection(SolutionProperties) = preSolution
		HideSolutionNode = FALSE
	EndGlobalSection
	GlobalSection(ExtensibilityGlobals) = postSolution
		SolutionGuid = {5450E6AC-B46C-4C0B-AF31-3A6F97E239EB}
	EndGlobalSection
EndGlobal
